<?xml version="1.0" encoding="utf-8"?>
<Project ToolsVersion="4.0" xmlns="http://schemas.microsoft.com/developer/msbuild/2003">
  <ItemGroup>
    <Filter Include="Source Files">
      <UniqueIdentifier>{4FC737F1-C7A5-4376-A066-2A32D752A2FF}</UniqueIdentifier>
      <Extensions>cpp;c;cc;cxx;c++;cppm;ixx;def;odl;idl;hpj;bat;asm;asmx</Extensions>
    </Filter>
    <Filter Include="Header Files">
      <UniqueIdentifier>{93995380-89BD-4b04-88EB-625FBE52EBFB}</UniqueIdentifier>
      <Extensions>h;hh;hpp;hxx;h++;hm;inl;inc;ipp;xsd</Extensions>
    </Filter>
    <Filter Include="Resource Files">
      <UniqueIdentifier>{67DA6AB6-F800-4c08-8B7A-83BB121AAD01}</UniqueIdentifier>
      <Extensions>rc;ico;cur;bmp;dlg;rc2;rct;bin;rgs;gif;jpg;jpeg;jpe;resx;tiff;tif;png;wav;mfcribbon-ms</Extensions>
    </Filter>
  </ItemGroup>
  <ItemGroup>
    <ClCompile Include="src\STL_pch.cpp">
      <Filter>Source Files</Filter>
    </ClCompile>
    <ClCompile Include="src\Vendor\stb_image.cpp">
      <Filter>Source Files</Filter>
    </ClCompile>
    <ClCompile Include="src\Core\Math\mat2.cpp">
      <Filter>Source Files</Filter>
    </ClCompile>
    <ClCompile Include="src\Core\Math\mat3.cpp">
      <Filter>Source Files</Filter>
    </ClCompile>
    <ClCompile Include="src\Core\Math\mat4.cpp">
      <Filter>Source Files</Filter>
    </ClCompile>
    <ClCompile Include="src\Core\Math\Operation.cpp">
      <Filter>Source Files</Filter>
    </ClCompile>
    <ClCompile Include="src\Core\Math\vec2.cpp">
      <Filter>Source Files</Filter>
    </ClCompile>
    <ClCompile Include="src\Core\Math\vec3.cpp">
      <Filter>Source Files</Filter>
    </ClCompile>
    <ClCompile Include="src\Core\Math\vec4.cpp">
      <Filter>Source Files</Filter>
    </ClCompile>
    <ClCompile Include="src\Core\Application\ApplicationProgram.cpp">
      <Filter>Source Files</Filter>
    </ClCompile>
    <ClCompile Include="src\Graphics\Display\Window.cpp">
      <Filter>Source Files</Filter>
    </ClCompile>
    <ClCompile Include="src\Graphics\Display\Monitor.cpp">
      <Filter>Source Files</Filter>
    </ClCompile>
    <ClCompile Include="src\Graphics\Display\WindowProps.cpp">
      <Filter>Source Files</Filter>
    </ClCompile>
    <ClCompile Include="src\Input\Callbacks\WindowCallback.cpp">
      <Filter>Source Files</Filter>
    </ClCompile>
    <ClCompile Include="src\Core\Application\Application.cpp">
      <Filter>Source Files</Filter>
    </ClCompile>
    <ClCompile Include="src\Graphics\UI\Cursor.cpp">
      <Filter>Source Files</Filter>
    </ClCompile>
    <ClCompile Include="src\Graphics\UI\CursorShape.cpp">
      <Filter>Source Files</Filter>
    </ClCompile>
    <ClCompile Include="src\Input\Callbacks\MouseCallback.cpp">
      <Filter>Source Files</Filter>
    </ClCompile>
    <ClCompile Include="src\Input\Callbacks\CursorCallback.cpp">
      <Filter>Source Files</Filter>
    </ClCompile>
    <ClCompile Include="src\Input\Callbacks\KeyboardCallback.cpp">
      <Filter>Source Files</Filter>
    </ClCompile>
    <ClCompile Include="src\Scenes\Scene.cpp">
      <Filter>Source Files</Filter>
    </ClCompile>
    <ClCompile Include="src\Scenes\SceneMaster.cpp">
      <Filter>Source Files</Filter>
    </ClCompile>
    <ClCompile Include="src\Graphics\Meshes\Model.cpp">
      <Filter>Source Files</Filter>
    </ClCompile>
  </ItemGroup>
  <ItemGroup>
    <ClInclude Include="src\STL_pch.h">
      <Filter>Header Files</Filter>
    </ClInclude>
    <ClInclude Include="src\Vendor\stb_image.h">
      <Filter>Header Files</Filter>
    </ClInclude>
    <ClInclude Include="src\Core\Math\Constants.h">
      <Filter>Header Files</Filter>
    </ClInclude>
    <ClInclude Include="src\Core\Math\mat2.h">
      <Filter>Header Files</Filter>
    </ClInclude>
    <ClInclude Include="src\Core\Math\mat3.h">
      <Filter>Header Files</Filter>
    </ClInclude>
    <ClInclude Include="src\Core\Math\mat4.h">
      <Filter>Header Files</Filter>
    </ClInclude>
    <ClInclude Include="src\Core\Math\Operation.h">
      <Filter>Header Files</Filter>
    </ClInclude>
    <ClInclude Include="src\Core\Math\vec2.h">
      <Filter>Header Files</Filter>
    </ClInclude>
    <ClInclude Include="src\Core\Math\vec3.h">
      <Filter>Header Files</Filter>
    </ClInclude>
    <ClInclude Include="src\Core\Math\vec4.h">
      <Filter>Header Files</Filter>
    </ClInclude>
    <ClInclude Include="src\Core\Application\ApplicationProgram.h">
      <Filter>Header Files</Filter>
    </ClInclude>
    <ClInclude Include="src\Graphics\Display\Window.h">
      <Filter>Header Files</Filter>
    </ClInclude>
    <ClInclude Include="src\Graphics\Display\Monitor.h">
      <Filter>Header Files</Filter>
    </ClInclude>
    <ClInclude Include="src\Graphics\Display\WindowProps.h">
      <Filter>Header Files</Filter>
    </ClInclude>
    <ClInclude Include="src\Input\Callbacks\WindowCallback.h">
      <Filter>Header Files</Filter>
    </ClInclude>
    <ClInclude Include="src\Core\Application\Application.h">
      <Filter>Header Files</Filter>
    </ClInclude>
    <ClInclude Include="src\Graphics\UI\Cursor.h">
      <Filter>Header Files</Filter>
    </ClInclude>
    <ClInclude Include="src\Graphics\UI\CursorShape.h">
      <Filter>Header Files</Filter>
    </ClInclude>
    <ClInclude Include="src\Input\Callbacks\MouseCallback.h">
      <Filter>Header Files</Filter>
    </ClInclude>
    <ClInclude Include="src\Input\Callbacks\CursorCallback.h">
      <Filter>Header Files</Filter>
    </ClInclude>
    <ClInclude Include="src\Input\Callbacks\KeyboardCallback.h">
      <Filter>Header Files</Filter>
    </ClInclude>
    <ClInclude Include="src\Core\Application\UraniumApi.h">
      <Filter>Header Files</Filter>
    </ClInclude>
    <ClInclude Include="src\Input\Callbacks\EventCallback.h">
      <Filter>Header Files</Filter>
    </ClInclude>
    <ClInclude Include="src\Scenes\Scene.h">
      <Filter>Header Files</Filter>
    </ClInclude>
    <ClInclude Include="src\Scenes\SceneMaster.h">
      <Filter>Header Files</Filter>
    </ClInclude>
    <ClInclude Include="src\DataStructures\Lists\ArrayList.h">
      <Filter>Header Files</Filter>
    </ClInclude>
    <ClInclude Include="src\DataStructures\Lists\List.h">
      <Filter>Header Files</Filter>
    </ClInclude>
    <ClInclude Include="src\DataStructures\Graphs\Graph.h">
      <Filter>Header Files</Filter>
    </ClInclude>
    <ClInclude Include="src\DataStructures\Containers\Container.h">
      <Filter>Header Files</Filter>
    </ClInclude>
    <ClInclude Include="src\DataStructures\Graphs\SparseGraph.h">
      <Filter>Header Files</Filter>
    </ClInclude>
    <ClInclude Include="src\DataStructures\Graphs\WeightedGraph.h">
      <Filter>Header Files</Filter>
    </ClInclude>
    <ClInclude Include="src\DataStructures\Containers\Entry.h">
      <Filter>Header Files</Filter>
    </ClInclude>
    <ClInclude Include="src\DataStructures\Containers\GraphEdge.h">
      <Filter>Header Files</Filter>
    </ClInclude>
    <ClInclude Include="src\DataStructures\Graphs\WeightedSparseGraph.h">
      <Filter>Header Files</Filter>
    </ClInclude>
    <ClInclude Include="src\Graphics\Meshes\Model.h">
      <Filter>Header Files</Filter>
    </ClInclude>
    <ClInclude Include="src\DataStructures\Graphs\MeshGraph.h">
      <Filter>Header Files</Filter>
    </ClInclude>
    <ClInclude Include="src\DataStructures\HashTables\HashTable.h">
      <Filter>Header Files</Filter>
    </ClInclude>
    <ClInclude Include="src\DataStructures\HashTables\HashCode.h">
      <Filter>Header Files</Filter>
    </ClInclude>
    <ClInclude Include="src\DataStructures\HashTables\HashTableOpenAddress.h">
      <Filter>Header Files</Filter>
    </ClInclude>
    <ClInclude Include="src\DataStructures\Containers\Comparable.h">
      <Filter>Header Files</Filter>
    </ClInclude>
    <ClInclude Include="src\DataStructures\Trees\Tree.h">
      <Filter>Header Files</Filter>
    </ClInclude>
    <ClInclude Include="src\DataStructures\Containers\TreeNode.h">
      <Filter>Header Files</Filter>
    </ClInclude>
    <ClInclude Include="src\DataStructures\Trees\BSTArray.h">
      <Filter>Header Files</Filter>
    </ClInclude>
    <ClInclude Include="src\DataStructures\Trees\BinarySearchTree.h">
      <Filter>Header Files</Filter>
    </ClInclude>
    <ClInclude Include="src\DataStructures\Trees\Heap.h">
      <Filter>Header Files</Filter>
    </ClInclude>
    <ClInclude Include="src\DataStructures\Trees\HeapSetArray.h">
      <Filter>Header Files</Filter>
    </ClInclude>
    <ClInclude Include="src\DataStructures\Sets\Set.h">
      <Filter>Header Files</Filter>
    </ClInclude>
    <ClInclude Include="src\DataStructures\Queues\Queue.h">
      <Filter>Header Files</Filter>
    </ClInclude>
    <ClInclude Include="src\DataStructures\Sets\HashSet.h">
      <Filter>Header Files</Filter>
    </ClInclude>
    <ClInclude Include="src\DataStructures\Containers\GraphAddress.h">
      <Filter>Header Files</Filter>
    </ClInclude>
    <ClInclude Include="src\DataStructures\Containers\ArrayVariant.h">
      <Filter>Header Files</Filter>
    </ClInclude>
    <ClInclude Include="src\DataStructures\Maps\Map.h">
      <Filter>Header Files</Filter>
    </ClInclude>
    <ClInclude Include="src\DataStructures\Maps\HashMap.h">
      <Filter>Header Files</Filter>
    </ClInclude>
  </ItemGroup>
</Project>